// !$*UTF8*$!
{
	archiveVersion = 1;
	classes = {
	};
	objectVersion = 55;
	objects = {

/* Begin PBXBuildFile section */
		4CC4021C8E4CB9CC53771FD0 /* Pods_InstagramClone.framework in Frameworks */ = {isa = PBXBuildFile; fileRef = C1D95C2AD2800F684CD3800B /* Pods_InstagramClone.framework */; };
		CE0497E22792C90300A72472 /* GoogleService-Info.plist in Resources */ = {isa = PBXBuildFile; fileRef = CE0497E12792C90300A72472 /* GoogleService-Info.plist */; };
		CE08D59B278890B600049BF6 /* FeedCell.swift in Sources */ = {isa = PBXBuildFile; fileRef = CE08D59A278890B600049BF6 /* FeedCell.swift */; };
		CE08D59F278891C900049BF6 /* Extensions.swift in Sources */ = {isa = PBXBuildFile; fileRef = CE08D59E278891C900049BF6 /* Extensions.swift */; };
		CE09978127A43ECC00230FEA /* UploadPostController.swift in Sources */ = {isa = PBXBuildFile; fileRef = CE09978027A43ECC00230FEA /* UploadPostController.swift */; };
		CE09978327A4419700230FEA /* InputTextView.swift in Sources */ = {isa = PBXBuildFile; fileRef = CE09978227A4419700230FEA /* InputTextView.swift */; };
		CE28E99B2787369000DE71A4 /* AppDelegate.swift in Sources */ = {isa = PBXBuildFile; fileRef = CE28E99A2787369000DE71A4 /* AppDelegate.swift */; };
		CE28E99D2787369000DE71A4 /* SceneDelegate.swift in Sources */ = {isa = PBXBuildFile; fileRef = CE28E99C2787369000DE71A4 /* SceneDelegate.swift */; };
		CE28E99F2787369000DE71A4 /* ViewController.swift in Sources */ = {isa = PBXBuildFile; fileRef = CE28E99E2787369000DE71A4 /* ViewController.swift */; };
		CE28E9A22787369000DE71A4 /* Main.storyboard in Resources */ = {isa = PBXBuildFile; fileRef = CE28E9A02787369000DE71A4 /* Main.storyboard */; };
		CE28E9A42787369200DE71A4 /* Assets.xcassets in Resources */ = {isa = PBXBuildFile; fileRef = CE28E9A32787369200DE71A4 /* Assets.xcassets */; };
		CE28E9A72787369200DE71A4 /* LaunchScreen.storyboard in Resources */ = {isa = PBXBuildFile; fileRef = CE28E9A52787369200DE71A4 /* LaunchScreen.storyboard */; };
		CE28E9B62787379300DE71A4 /* MainTabController.swift in Sources */ = {isa = PBXBuildFile; fileRef = CE28E9B52787379300DE71A4 /* MainTabController.swift */; };
		CE28E9B827873B6000DE71A4 /* FeedController.swift in Sources */ = {isa = PBXBuildFile; fileRef = CE28E9B727873B6000DE71A4 /* FeedController.swift */; };
		CE28E9BA27873B7200DE71A4 /* SearchController.swift in Sources */ = {isa = PBXBuildFile; fileRef = CE28E9B927873B7200DE71A4 /* SearchController.swift */; };
		CE28E9BC27873B8200DE71A4 /* ImageSelectorController.swift in Sources */ = {isa = PBXBuildFile; fileRef = CE28E9BB27873B8200DE71A4 /* ImageSelectorController.swift */; };
		CE28E9BE27873B9100DE71A4 /* NotificationController.swift in Sources */ = {isa = PBXBuildFile; fileRef = CE28E9BD27873B9100DE71A4 /* NotificationController.swift */; };
		CE28E9C027873BA600DE71A4 /* ProfileController.swift in Sources */ = {isa = PBXBuildFile; fileRef = CE28E9BF27873BA600DE71A4 /* ProfileController.swift */; };
		CE347954279B02B6001D3EF7 /* UserCell.swift in Sources */ = {isa = PBXBuildFile; fileRef = CE347953279B02B6001D3EF7 /* UserCell.swift */; };
		CE5720CD2795A58C00E02040 /* ProfileCell.swift in Sources */ = {isa = PBXBuildFile; fileRef = CE5720CC2795A58C00E02040 /* ProfileCell.swift */; };
		CE5720CF2795A5A400E02040 /* ProfileHeader.swift in Sources */ = {isa = PBXBuildFile; fileRef = CE5720CE2795A5A400E02040 /* ProfileHeader.swift */; };
		CE5B85A0278AC16C00602080 /* LoginController.swift in Sources */ = {isa = PBXBuildFile; fileRef = CE5B859F278AC16C00602080 /* LoginController.swift */; };
		CE5B85A2278AC18200602080 /* RegistrationController.swift in Sources */ = {isa = PBXBuildFile; fileRef = CE5B85A1278AC18200602080 /* RegistrationController.swift */; };
		CE5B85A4278ACEBB00602080 /* CustomTextField.swift in Sources */ = {isa = PBXBuildFile; fileRef = CE5B85A3278ACEBB00602080 /* CustomTextField.swift */; };
		CE7FBE0E279D81B0009C00A6 /* UserCellViewModel.swift in Sources */ = {isa = PBXBuildFile; fileRef = CE7FBE0D279D81B0009C00A6 /* UserCellViewModel.swift */; };
		CE825A652791A8F700E528B7 /* ImageUploader.swift in Sources */ = {isa = PBXBuildFile; fileRef = CE825A642791A8F700E528B7 /* ImageUploader.swift */; };
		CE825A672791A90500E528B7 /* AuthService.swift in Sources */ = {isa = PBXBuildFile; fileRef = CE825A662791A90400E528B7 /* AuthService.swift */; };
		CEBE8CC22796E69400DCD4F6 /* UserService.swift in Sources */ = {isa = PBXBuildFile; fileRef = CEBE8CC12796E69400DCD4F6 /* UserService.swift */; };
		CEBE8CC42796E6D800DCD4F6 /* Constants.swift in Sources */ = {isa = PBXBuildFile; fileRef = CEBE8CC32796E6D800DCD4F6 /* Constants.swift */; };
		CEBE8CC62796E89600DCD4F6 /* User.swift in Sources */ = {isa = PBXBuildFile; fileRef = CEBE8CC52796E89600DCD4F6 /* User.swift */; };
		CEBE8CC82796ED6800DCD4F6 /* ProfileHeaderViewModel.swift in Sources */ = {isa = PBXBuildFile; fileRef = CEBE8CC72796ED6800DCD4F6 /* ProfileHeaderViewModel.swift */; };
		CEEBBA9D278C7DC500053816 /* AuthenticationViewModel.swift in Sources */ = {isa = PBXBuildFile; fileRef = CEEBBA9C278C7DC500053816 /* AuthenticationViewModel.swift */; };
/* End PBXBuildFile section */

/* Begin PBXFileReference section */
		9A20A420E6E86764BC0FDC2E /* Pods-InstagramClone.release.xcconfig */ = {isa = PBXFileReference; includeInIndex = 1; lastKnownFileType = text.xcconfig; name = "Pods-InstagramClone.release.xcconfig"; path = "Target Support Files/Pods-InstagramClone/Pods-InstagramClone.release.xcconfig"; sourceTree = "<group>"; };
		B108E41EE137B77F400104BF /* Pods-InstagramClone.debug.xcconfig */ = {isa = PBXFileReference; includeInIndex = 1; lastKnownFileType = text.xcconfig; name = "Pods-InstagramClone.debug.xcconfig"; path = "Target Support Files/Pods-InstagramClone/Pods-InstagramClone.debug.xcconfig"; sourceTree = "<group>"; };
		C1D95C2AD2800F684CD3800B /* Pods_InstagramClone.framework */ = {isa = PBXFileReference; explicitFileType = wrapper.framework; includeInIndex = 0; path = Pods_InstagramClone.framework; sourceTree = BUILT_PRODUCTS_DIR; };
		CE0497E12792C90300A72472 /* GoogleService-Info.plist */ = {isa = PBXFileReference; lastKnownFileType = text.plist; path = "GoogleService-Info.plist"; sourceTree = SOURCE_ROOT; };
		CE08D59A278890B600049BF6 /* FeedCell.swift */ = {isa = PBXFileReference; lastKnownFileType = sourcecode.swift; path = FeedCell.swift; sourceTree = "<group>"; };
		CE08D59E278891C900049BF6 /* Extensions.swift */ = {isa = PBXFileReference; fileEncoding = 4; lastKnownFileType = sourcecode.swift; path = Extensions.swift; sourceTree = "<group>"; };
		CE09978027A43ECC00230FEA /* UploadPostController.swift */ = {isa = PBXFileReference; lastKnownFileType = sourcecode.swift; path = UploadPostController.swift; sourceTree = "<group>"; };
		CE09978227A4419700230FEA /* InputTextView.swift */ = {isa = PBXFileReference; lastKnownFileType = sourcecode.swift; path = InputTextView.swift; sourceTree = "<group>"; };
		CE28E9972787369000DE71A4 /* InstagramClone.app */ = {isa = PBXFileReference; explicitFileType = wrapper.application; includeInIndex = 0; path = InstagramClone.app; sourceTree = BUILT_PRODUCTS_DIR; };
		CE28E99A2787369000DE71A4 /* AppDelegate.swift */ = {isa = PBXFileReference; lastKnownFileType = sourcecode.swift; path = AppDelegate.swift; sourceTree = "<group>"; };
		CE28E99C2787369000DE71A4 /* SceneDelegate.swift */ = {isa = PBXFileReference; lastKnownFileType = sourcecode.swift; path = SceneDelegate.swift; sourceTree = "<group>"; };
		CE28E99E2787369000DE71A4 /* ViewController.swift */ = {isa = PBXFileReference; lastKnownFileType = sourcecode.swift; path = ViewController.swift; sourceTree = "<group>"; };
		CE28E9A12787369000DE71A4 /* Base */ = {isa = PBXFileReference; lastKnownFileType = file.storyboard; name = Base; path = Base.lproj/Main.storyboard; sourceTree = "<group>"; };
		CE28E9A32787369200DE71A4 /* Assets.xcassets */ = {isa = PBXFileReference; lastKnownFileType = folder.assetcatalog; path = Assets.xcassets; sourceTree = "<group>"; };
		CE28E9A62787369200DE71A4 /* Base */ = {isa = PBXFileReference; lastKnownFileType = file.storyboard; name = Base; path = Base.lproj/LaunchScreen.storyboard; sourceTree = "<group>"; };
		CE28E9A82787369200DE71A4 /* Info.plist */ = {isa = PBXFileReference; lastKnownFileType = text.plist.xml; path = Info.plist; sourceTree = "<group>"; };
		CE28E9B52787379300DE71A4 /* MainTabController.swift */ = {isa = PBXFileReference; lastKnownFileType = sourcecode.swift; path = MainTabController.swift; sourceTree = "<group>"; };
		CE28E9B727873B6000DE71A4 /* FeedController.swift */ = {isa = PBXFileReference; lastKnownFileType = sourcecode.swift; path = FeedController.swift; sourceTree = "<group>"; };
		CE28E9B927873B7200DE71A4 /* SearchController.swift */ = {isa = PBXFileReference; lastKnownFileType = sourcecode.swift; path = SearchController.swift; sourceTree = "<group>"; };
		CE28E9BB27873B8200DE71A4 /* ImageSelectorController.swift */ = {isa = PBXFileReference; lastKnownFileType = sourcecode.swift; path = ImageSelectorController.swift; sourceTree = "<group>"; };
		CE28E9BD27873B9100DE71A4 /* NotificationController.swift */ = {isa = PBXFileReference; lastKnownFileType = sourcecode.swift; path = NotificationController.swift; sourceTree = "<group>"; };
		CE28E9BF27873BA600DE71A4 /* ProfileController.swift */ = {isa = PBXFileReference; lastKnownFileType = sourcecode.swift; path = ProfileController.swift; sourceTree = "<group>"; };
		CE347953279B02B6001D3EF7 /* UserCell.swift */ = {isa = PBXFileReference; lastKnownFileType = sourcecode.swift; path = UserCell.swift; sourceTree = "<group>"; };
		CE5720CC2795A58C00E02040 /* ProfileCell.swift */ = {isa = PBXFileReference; lastKnownFileType = sourcecode.swift; path = ProfileCell.swift; sourceTree = "<group>"; };
		CE5720CE2795A5A400E02040 /* ProfileHeader.swift */ = {isa = PBXFileReference; lastKnownFileType = sourcecode.swift; path = ProfileHeader.swift; sourceTree = "<group>"; };
		CE5B859F278AC16C00602080 /* LoginController.swift */ = {isa = PBXFileReference; lastKnownFileType = sourcecode.swift; path = LoginController.swift; sourceTree = "<group>"; };
		CE5B85A1278AC18200602080 /* RegistrationController.swift */ = {isa = PBXFileReference; lastKnownFileType = sourcecode.swift; path = RegistrationController.swift; sourceTree = "<group>"; };
		CE5B85A3278ACEBB00602080 /* CustomTextField.swift */ = {isa = PBXFileReference; lastKnownFileType = sourcecode.swift; path = CustomTextField.swift; sourceTree = "<group>"; };
		CE7FBE0D279D81B0009C00A6 /* UserCellViewModel.swift */ = {isa = PBXFileReference; lastKnownFileType = sourcecode.swift; path = UserCellViewModel.swift; sourceTree = "<group>"; };
		CE825A642791A8F700E528B7 /* ImageUploader.swift */ = {isa = PBXFileReference; lastKnownFileType = sourcecode.swift; path = ImageUploader.swift; sourceTree = "<group>"; };
		CE825A662791A90400E528B7 /* AuthService.swift */ = {isa = PBXFileReference; lastKnownFileType = sourcecode.swift; path = AuthService.swift; sourceTree = "<group>"; };
		CEBE8CC12796E69400DCD4F6 /* UserService.swift */ = {isa = PBXFileReference; lastKnownFileType = sourcecode.swift; path = UserService.swift; sourceTree = "<group>"; };
		CEBE8CC32796E6D800DCD4F6 /* Constants.swift */ = {isa = PBXFileReference; lastKnownFileType = sourcecode.swift; path = Constants.swift; sourceTree = "<group>"; };
		CEBE8CC52796E89600DCD4F6 /* User.swift */ = {isa = PBXFileReference; lastKnownFileType = sourcecode.swift; path = User.swift; sourceTree = "<group>"; };
		CEBE8CC72796ED6800DCD4F6 /* ProfileHeaderViewModel.swift */ = {isa = PBXFileReference; lastKnownFileType = sourcecode.swift; path = ProfileHeaderViewModel.swift; sourceTree = "<group>"; };
		CEEBBA9C278C7DC500053816 /* AuthenticationViewModel.swift */ = {isa = PBXFileReference; lastKnownFileType = sourcecode.swift; path = AuthenticationViewModel.swift; sourceTree = "<group>"; };
/* End PBXFileReference section */

/* Begin PBXFrameworksBuildPhase section */
		CE28E9942787369000DE71A4 /* Frameworks */ = {
			isa = PBXFrameworksBuildPhase;
			buildActionMask = 2147483647;
			files = (
				4CC4021C8E4CB9CC53771FD0 /* Pods_InstagramClone.framework in Frameworks */,
			);
			runOnlyForDeploymentPostprocessing = 0;
		};
/* End PBXFrameworksBuildPhase section */

/* Begin PBXGroup section */
		1C9AFE1CC7B2957A9386365D /* Frameworks */ = {
			isa = PBXGroup;
			children = (
				C1D95C2AD2800F684CD3800B /* Pods_InstagramClone.framework */,
			);
			name = Frameworks;
			sourceTree = "<group>";
		};
		CE28E98E2787369000DE71A4 = {
			isa = PBXGroup;
			children = (
				CE28E9992787369000DE71A4 /* InstagramClone */,
				CE28E9982787369000DE71A4 /* Products */,
				F6DF347213642E0E4309E623 /* Pods */,
				1C9AFE1CC7B2957A9386365D /* Frameworks */,
			);
			sourceTree = "<group>";
		};
		CE28E9982787369000DE71A4 /* Products */ = {
			isa = PBXGroup;
			children = (
				CE28E9972787369000DE71A4 /* InstagramClone.app */,
			);
			name = Products;
			sourceTree = "<group>";
		};
		CE28E9992787369000DE71A4 /* InstagramClone */ = {
			isa = PBXGroup;
			children = (
				CE28E9B4278736D400DE71A4 /* Model */,
				CE28E9B3278736D200DE71A4 /* View */,
				CE28E9B2278736D000DE71A4 /* ViewModel */,
				CE28E9B0278736CA00DE71A4 /* Controller */,
				CE28E9AF278736C500DE71A4 /* API */,
				CE28E9AE278736B900DE71A4 /* Utils */,
				CE28E99A2787369000DE71A4 /* AppDelegate.swift */,
				CE28E99C2787369000DE71A4 /* SceneDelegate.swift */,
				CE28E99E2787369000DE71A4 /* ViewController.swift */,
				CE28E9A02787369000DE71A4 /* Main.storyboard */,
				CE28E9A32787369200DE71A4 /* Assets.xcassets */,
				CE28E9A52787369200DE71A4 /* LaunchScreen.storyboard */,
				CE28E9A82787369200DE71A4 /* Info.plist */,
				CE0497E12792C90300A72472 /* GoogleService-Info.plist */,
			);
			path = InstagramClone;
			sourceTree = "<group>";
		};
		CE28E9AE278736B900DE71A4 /* Utils */ = {
			isa = PBXGroup;
			children = (
				CE08D59E278891C900049BF6 /* Extensions.swift */,
				CEBE8CC32796E6D800DCD4F6 /* Constants.swift */,
			);
			path = Utils;
			sourceTree = "<group>";
		};
		CE28E9AF278736C500DE71A4 /* API */ = {
			isa = PBXGroup;
			children = (
				CE825A642791A8F700E528B7 /* ImageUploader.swift */,
				CE825A662791A90400E528B7 /* AuthService.swift */,
				CEBE8CC12796E69400DCD4F6 /* UserService.swift */,
			);
			path = API;
			sourceTree = "<group>";
		};
		CE28E9B0278736CA00DE71A4 /* Controller */ = {
			isa = PBXGroup;
			children = (
				CE5B859E278AC15800602080 /* Authentication */,
				CE28E9B52787379300DE71A4 /* MainTabController.swift */,
				CE28E9B727873B6000DE71A4 /* FeedController.swift */,
				CE28E9B927873B7200DE71A4 /* SearchController.swift */,
				CE28E9BB27873B8200DE71A4 /* ImageSelectorController.swift */,
				CE28E9BD27873B9100DE71A4 /* NotificationController.swift */,
				CE28E9BF27873BA600DE71A4 /* ProfileController.swift */,
				CE09978027A43ECC00230FEA /* UploadPostController.swift */,
			);
			path = Controller;
			sourceTree = "<group>";
		};
		CE28E9B2278736D000DE71A4 /* ViewModel */ = {
			isa = PBXGroup;
			children = (
				CEEBBA9C278C7DC500053816 /* AuthenticationViewModel.swift */,
				CEBE8CC72796ED6800DCD4F6 /* ProfileHeaderViewModel.swift */,
				CE7FBE0D279D81B0009C00A6 /* UserCellViewModel.swift */,
			);
			path = ViewModel;
			sourceTree = "<group>";
		};
		CE28E9B3278736D200DE71A4 /* View */ = {
			isa = PBXGroup;
			children = (
				CE5720D02795A5A700E02040 /* Profile */,
				CE08D59A278890B600049BF6 /* FeedCell.swift */,
				CE5B85A3278ACEBB00602080 /* CustomTextField.swift */,
				CE347953279B02B6001D3EF7 /* UserCell.swift */,
				CE09978227A4419700230FEA /* InputTextView.swift */,
			);
			path = View;
			sourceTree = "<group>";
		};
		CE28E9B4278736D400DE71A4 /* Model */ = {
			isa = PBXGroup;
			children = (
				CEBE8CC52796E89600DCD4F6 /* User.swift */,
			);
			path = Model;
			sourceTree = "<group>";
		};
		CE5720D02795A5A700E02040 /* Profile */ = {
			isa = PBXGroup;
			children = (
				CE5720CC2795A58C00E02040 /* ProfileCell.swift */,
				CE5720CE2795A5A400E02040 /* ProfileHeader.swift */,
			);
			path = Profile;
			sourceTree = "<group>";
		};
		CE5B859E278AC15800602080 /* Authentication */ = {
			isa = PBXGroup;
			children = (
				CE5B859F278AC16C00602080 /* LoginController.swift */,
				CE5B85A1278AC18200602080 /* RegistrationController.swift */,
			);
			path = Authentication;
			sourceTree = "<group>";
		};
		F6DF347213642E0E4309E623 /* Pods */ = {
			isa = PBXGroup;
			children = (
				B108E41EE137B77F400104BF /* Pods-InstagramClone.debug.xcconfig */,
				9A20A420E6E86764BC0FDC2E /* Pods-InstagramClone.release.xcconfig */,
			);
			path = Pods;
			sourceTree = "<group>";
		};
/* End PBXGroup section */

/* Begin PBXNativeTarget section */
		CE28E9962787369000DE71A4 /* InstagramClone */ = {
			isa = PBXNativeTarget;
			buildConfigurationList = CE28E9AB2787369200DE71A4 /* Build configuration list for PBXNativeTarget "InstagramClone" */;
			buildPhases = (
				2E221C6EC4CD8C878CBB2906 /* [CP] Check Pods Manifest.lock */,
				CE28E9932787369000DE71A4 /* Sources */,
				CE28E9942787369000DE71A4 /* Frameworks */,
				CE28E9952787369000DE71A4 /* Resources */,
				B0A7EBAB1A567DCAEF6E66FC /* [CP] Embed Pods Frameworks */,
			);
			buildRules = (
			);
			dependencies = (
			);
			name = InstagramClone;
			productName = InstagramClone;
			productReference = CE28E9972787369000DE71A4 /* InstagramClone.app */;
			productType = "com.apple.product-type.application";
		};
/* End PBXNativeTarget section */

/* Begin PBXProject section */
		CE28E98F2787369000DE71A4 /* Project object */ = {
			isa = PBXProject;
			attributes = {
				BuildIndependentTargetsInParallel = 1;
				LastSwiftUpdateCheck = 1300;
				LastUpgradeCheck = 1300;
				TargetAttributes = {
					CE28E9962787369000DE71A4 = {
						CreatedOnToolsVersion = 13.0;
					};
				};
			};
			buildConfigurationList = CE28E9922787369000DE71A4 /* Build configuration list for PBXProject "InstagramClone" */;
			compatibilityVersion = "Xcode 13.0";
			developmentRegion = en;
			hasScannedForEncodings = 0;
			knownRegions = (
				en,
				Base,
			);
			mainGroup = CE28E98E2787369000DE71A4;
			productRefGroup = CE28E9982787369000DE71A4 /* Products */;
			projectDirPath = "";
			projectRoot = "";
			targets = (
				CE28E9962787369000DE71A4 /* InstagramClone */,
			);
		};
/* End PBXProject section */

/* Begin PBXResourcesBuildPhase section */
		CE28E9952787369000DE71A4 /* Resources */ = {
			isa = PBXResourcesBuildPhase;
			buildActionMask = 2147483647;
			files = (
				CE28E9A72787369200DE71A4 /* LaunchScreen.storyboard in Resources */,
				CE0497E22792C90300A72472 /* GoogleService-Info.plist in Resources */,
				CE28E9A42787369200DE71A4 /* Assets.xcassets in Resources */,
				CE28E9A22787369000DE71A4 /* Main.storyboard in Resources */,
			);
			runOnlyForDeploymentPostprocessing = 0;
		};
/* End PBXResourcesBuildPhase section */

/* Begin PBXShellScriptBuildPhase section */
		2E221C6EC4CD8C878CBB2906 /* [CP] Check Pods Manifest.lock */ = {
			isa = PBXShellScriptBuildPhase;
			buildActionMask = 2147483647;
			files = (
			);
			inputFileListPaths = (
			);
			inputPaths = (
				"${PODS_PODFILE_DIR_PATH}/Podfile.lock",
				"${PODS_ROOT}/Manifest.lock",
			);
			name = "[CP] Check Pods Manifest.lock";
			outputFileListPaths = (
			);
			outputPaths = (
				"$(DERIVED_FILE_DIR)/Pods-InstagramClone-checkManifestLockResult.txt",
			);
			runOnlyForDeploymentPostprocessing = 0;
			shellPath = /bin/sh;
			shellScript = "diff \"${PODS_PODFILE_DIR_PATH}/Podfile.lock\" \"${PODS_ROOT}/Manifest.lock\" > /dev/null\nif [ $? != 0 ] ; then\n    # print error to STDERR\n    echo \"error: The sandbox is not in sync with the Podfile.lock. Run 'pod install' or update your CocoaPods installation.\" >&2\n    exit 1\nfi\n# This output is used by Xcode 'outputs' to avoid re-running this script phase.\necho \"SUCCESS\" > \"${SCRIPT_OUTPUT_FILE_0}\"\n";
			showEnvVarsInLog = 0;
		};
		B0A7EBAB1A567DCAEF6E66FC /* [CP] Embed Pods Frameworks */ = {
			isa = PBXShellScriptBuildPhase;
			buildActionMask = 2147483647;
			files = (
			);
			inputFileListPaths = (
				"${PODS_ROOT}/Target Support Files/Pods-InstagramClone/Pods-InstagramClone-frameworks-${CONFIGURATION}-input-files.xcfilelist",
			);
			name = "[CP] Embed Pods Frameworks";
			outputFileListPaths = (
				"${PODS_ROOT}/Target Support Files/Pods-InstagramClone/Pods-InstagramClone-frameworks-${CONFIGURATION}-output-files.xcfilelist",
			);
			runOnlyForDeploymentPostprocessing = 0;
			shellPath = /bin/sh;
			shellScript = "\"${PODS_ROOT}/Target Support Files/Pods-InstagramClone/Pods-InstagramClone-frameworks.sh\"\n";
			showEnvVarsInLog = 0;
		};
/* End PBXShellScriptBuildPhase section */

/* Begin PBXSourcesBuildPhase section */
		CE28E9932787369000DE71A4 /* Sources */ = {
			isa = PBXSourcesBuildPhase;
			buildActionMask = 2147483647;
			files = (
				CE5B85A4278ACEBB00602080 /* CustomTextField.swift in Sources */,
				CE5720CF2795A5A400E02040 /* ProfileHeader.swift in Sources */,
				CE09978127A43ECC00230FEA /* UploadPostController.swift in Sources */,
				CE28E99F2787369000DE71A4 /* ViewController.swift in Sources */,
				CE5B85A0278AC16C00602080 /* LoginController.swift in Sources */,
				CE08D59B278890B600049BF6 /* FeedCell.swift in Sources */,
				CE28E9BC27873B8200DE71A4 /* ImageSelectorController.swift in Sources */,
				CE28E9BE27873B9100DE71A4 /* NotificationController.swift in Sources */,
				CEEBBA9D278C7DC500053816 /* AuthenticationViewModel.swift in Sources */,
				CE347954279B02B6001D3EF7 /* UserCell.swift in Sources */,
				CE28E9BA27873B7200DE71A4 /* SearchController.swift in Sources */,
				CE28E99B2787369000DE71A4 /* AppDelegate.swift in Sources */,
				CEBE8CC62796E89600DCD4F6 /* User.swift in Sources */,
				CE28E9C027873BA600DE71A4 /* ProfileController.swift in Sources */,
				CEBE8CC82796ED6800DCD4F6 /* ProfileHeaderViewModel.swift in Sources */,
				CE09978327A4419700230FEA /* InputTextView.swift in Sources */,
				CEBE8CC42796E6D800DCD4F6 /* Constants.swift in Sources */,
				CE5B85A2278AC18200602080 /* RegistrationController.swift in Sources */,
				CE7FBE0E279D81B0009C00A6 /* UserCellViewModel.swift in Sources */,
				CE28E9B827873B6000DE71A4 /* FeedController.swift in Sources */,
				CE28E9B62787379300DE71A4 /* MainTabController.swift in Sources */,
				CE825A652791A8F700E528B7 /* ImageUploader.swift in Sources */,
				CE825A672791A90500E528B7 /* AuthService.swift in Sources */,
				CEBE8CC22796E69400DCD4F6 /* UserService.swift in Sources */,
				CE5720CD2795A58C00E02040 /* ProfileCell.swift in Sources */,
				CE08D59F278891C900049BF6 /* Extensions.swift in Sources */,
				CE28E99D2787369000DE71A4 /* SceneDelegate.swift in Sources */,
			);
			runOnlyForDeploymentPostprocessing = 0;
		};
/* End PBXSourcesBuildPhase section */

/* Begin PBXVariantGroup section */
		CE28E9A02787369000DE71A4 /* Main.storyboard */ = {
			isa = PBXVariantGroup;
			children = (
				CE28E9A12787369000DE71A4 /* Base */,
			);
			name = Main.storyboard;
			sourceTree = "<group>";
		};
		CE28E9A52787369200DE71A4 /* LaunchScreen.storyboard */ = {
			isa = PBXVariantGroup;
			children = (
				CE28E9A62787369200DE71A4 /* Base */,
			);
			name = LaunchScreen.storyboard;
			sourceTree = "<group>";
		};
/* End PBXVariantGroup section */

/* Begin XCBuildConfiguration section */
		CE28E9A92787369200DE71A4 /* Debug */ = {
			isa = XCBuildConfiguration;
			buildSettings = {
				ALWAYS_SEARCH_USER_PATHS = NO;
				CLANG_ANALYZER_NONNULL = YES;
				CLANG_ANALYZER_NUMBER_OBJECT_CONVERSION = YES_AGGRESSIVE;
				CLANG_CXX_LANGUAGE_STANDARD = "gnu++17";
				CLANG_CXX_LIBRARY = "libc++";
				CLANG_ENABLE_MODULES = YES;
				CLANG_ENABLE_OBJC_ARC = YES;
				CLANG_ENABLE_OBJC_WEAK = YES;
				CLANG_WARN_BLOCK_CAPTURE_AUTORELEASING = YES;
				CLANG_WARN_BOOL_CONVERSION = YES;
				CLANG_WARN_COMMA = YES;
				CLANG_WARN_CONSTANT_CONVERSION = YES;
				CLANG_WARN_DEPRECATED_OBJC_IMPLEMENTATIONS = YES;
				CLANG_WARN_DIRECT_OBJC_ISA_USAGE = YES_ERROR;
				CLANG_WARN_DOCUMENTATION_COMMENTS = YES;
				CLANG_WARN_EMPTY_BODY = YES;
				CLANG_WARN_ENUM_CONVERSION = YES;
				CLANG_WARN_INFINITE_RECURSION = YES;
				CLANG_WARN_INT_CONVERSION = YES;
				CLANG_WARN_NON_LITERAL_NULL_CONVERSION = YES;
				CLANG_WARN_OBJC_IMPLICIT_RETAIN_SELF = YES;
				CLANG_WARN_OBJC_LITERAL_CONVERSION = YES;
				CLANG_WARN_OBJC_ROOT_CLASS = YES_ERROR;
				CLANG_WARN_QUOTED_INCLUDE_IN_FRAMEWORK_HEADER = YES;
				CLANG_WARN_RANGE_LOOP_ANALYSIS = YES;
				CLANG_WARN_STRICT_PROTOTYPES = YES;
				CLANG_WARN_SUSPICIOUS_MOVE = YES;
				CLANG_WARN_UNGUARDED_AVAILABILITY = YES_AGGRESSIVE;
				CLANG_WARN_UNREACHABLE_CODE = YES;
				CLANG_WARN__DUPLICATE_METHOD_MATCH = YES;
				COPY_PHASE_STRIP = NO;
				DEBUG_INFORMATION_FORMAT = dwarf;
				ENABLE_STRICT_OBJC_MSGSEND = YES;
				ENABLE_TESTABILITY = YES;
				GCC_C_LANGUAGE_STANDARD = gnu11;
				GCC_DYNAMIC_NO_PIC = NO;
				GCC_NO_COMMON_BLOCKS = YES;
				GCC_OPTIMIZATION_LEVEL = 0;
				GCC_PREPROCESSOR_DEFINITIONS = (
					"DEBUG=1",
					"$(inherited)",
				);
				GCC_WARN_64_TO_32_BIT_CONVERSION = YES;
				GCC_WARN_ABOUT_RETURN_TYPE = YES_ERROR;
				GCC_WARN_UNDECLARED_SELECTOR = YES;
				GCC_WARN_UNINITIALIZED_AUTOS = YES_AGGRESSIVE;
				GCC_WARN_UNUSED_FUNCTION = YES;
				GCC_WARN_UNUSED_VARIABLE = YES;
				IPHONEOS_DEPLOYMENT_TARGET = 13.0;
				MTL_ENABLE_DEBUG_INFO = INCLUDE_SOURCE;
				MTL_FAST_MATH = YES;
				ONLY_ACTIVE_ARCH = YES;
				SDKROOT = iphoneos;
				SWIFT_ACTIVE_COMPILATION_CONDITIONS = DEBUG;
				SWIFT_OPTIMIZATION_LEVEL = "-Onone";
			};
			name = Debug;
		};
		CE28E9AA2787369200DE71A4 /* Release */ = {
			isa = XCBuildConfiguration;
			buildSettings = {
				ALWAYS_SEARCH_USER_PATHS = NO;
				CLANG_ANALYZER_NONNULL = YES;
				CLANG_ANALYZER_NUMBER_OBJECT_CONVERSION = YES_AGGRESSIVE;
				CLANG_CXX_LANGUAGE_STANDARD = "gnu++17";
				CLANG_CXX_LIBRARY = "libc++";
				CLANG_ENABLE_MODULES = YES;
				CLANG_ENABLE_OBJC_ARC = YES;
				CLANG_ENABLE_OBJC_WEAK = YES;
				CLANG_WARN_BLOCK_CAPTURE_AUTORELEASING = YES;
				CLANG_WARN_BOOL_CONVERSION = YES;
				CLANG_WARN_COMMA = YES;
				CLANG_WARN_CONSTANT_CONVERSION = YES;
				CLANG_WARN_DEPRECATED_OBJC_IMPLEMENTATIONS = YES;
				CLANG_WARN_DIRECT_OBJC_ISA_USAGE = YES_ERROR;
				CLANG_WARN_DOCUMENTATION_COMMENTS = YES;
				CLANG_WARN_EMPTY_BODY = YES;
				CLANG_WARN_ENUM_CONVERSION = YES;
				CLANG_WARN_INFINITE_RECURSION = YES;
				CLANG_WARN_INT_CONVERSION = YES;
				CLANG_WARN_NON_LITERAL_NULL_CONVERSION = YES;
				CLANG_WARN_OBJC_IMPLICIT_RETAIN_SELF = YES;
				CLANG_WARN_OBJC_LITERAL_CONVERSION = YES;
				CLANG_WARN_OBJC_ROOT_CLASS = YES_ERROR;
				CLANG_WARN_QUOTED_INCLUDE_IN_FRAMEWORK_HEADER = YES;
				CLANG_WARN_RANGE_LOOP_ANALYSIS = YES;
				CLANG_WARN_STRICT_PROTOTYPES = YES;
				CLANG_WARN_SUSPICIOUS_MOVE = YES;
				CLANG_WARN_UNGUARDED_AVAILABILITY = YES_AGGRESSIVE;
				CLANG_WARN_UNREACHABLE_CODE = YES;
				CLANG_WARN__DUPLICATE_METHOD_MATCH = YES;
				COPY_PHASE_STRIP = NO;
				DEBUG_INFORMATION_FORMAT = "dwarf-with-dsym";
				ENABLE_NS_ASSERTIONS = NO;
				ENABLE_STRICT_OBJC_MSGSEND = YES;
				GCC_C_LANGUAGE_STANDARD = gnu11;
				GCC_NO_COMMON_BLOCKS = YES;
				GCC_WARN_64_TO_32_BIT_CONVERSION = YES;
				GCC_WARN_ABOUT_RETURN_TYPE = YES_ERROR;
				GCC_WARN_UNDECLARED_SELECTOR = YES;
				GCC_WARN_UNINITIALIZED_AUTOS = YES_AGGRESSIVE;
				GCC_WARN_UNUSED_FUNCTION = YES;
				GCC_WARN_UNUSED_VARIABLE = YES;
				IPHONEOS_DEPLOYMENT_TARGET = 13.0;
				MTL_ENABLE_DEBUG_INFO = NO;
				MTL_FAST_MATH = YES;
				SDKROOT = iphoneos;
				SWIFT_COMPILATION_MODE = wholemodule;
				SWIFT_OPTIMIZATION_LEVEL = "-O";
				VALIDATE_PRODUCT = YES;
			};
			name = Release;
		};
		CE28E9AC2787369200DE71A4 /* Debug */ = {
			isa = XCBuildConfiguration;
			baseConfigurationReference = B108E41EE137B77F400104BF /* Pods-InstagramClone.debug.xcconfig */;
			buildSettings = {
				ASSETCATALOG_COMPILER_APPICON_NAME = AppIcon;
				ASSETCATALOG_COMPILER_GLOBAL_ACCENT_COLOR_NAME = AccentColor;
				CODE_SIGN_STYLE = Automatic;
				CURRENT_PROJECT_VERSION = 1;
				DEVELOPMENT_TEAM = 9K86FQHDLU;
				GENERATE_INFOPLIST_FILE = YES;
				INFOPLIST_FILE = InstagramClone/Info.plist;
				INFOPLIST_KEY_UIApplicationSupportsIndirectInputEvents = YES;
				INFOPLIST_KEY_UILaunchStoryboardName = LaunchScreen;
				INFOPLIST_KEY_UIMainStoryboardFile = Main;
				INFOPLIST_KEY_UISupportedInterfaceOrientations_iPad = "UIInterfaceOrientationPortrait UIInterfaceOrientationPortraitUpsideDown UIInterfaceOrientationLandscapeLeft UIInterfaceOrientationLandscapeRight";
				INFOPLIST_KEY_UISupportedInterfaceOrientations_iPhone = "UIInterfaceOrientationPortrait UIInterfaceOrientationLandscapeLeft UIInterfaceOrientationLandscapeRight";
				LD_RUNPATH_SEARCH_PATHS = (
					"$(inherited)",
					"@executable_path/Frameworks",
				);
				MARKETING_VERSION = 1.0;
				PRODUCT_BUNDLE_IDENTIFIER = com.sejin.InstagramClone;
				PRODUCT_NAME = "$(TARGET_NAME)";
				SWIFT_EMIT_LOC_STRINGS = YES;
				SWIFT_VERSION = 5.0;
				TARGETED_DEVICE_FAMILY = "1,2";
			};
			name = Debug;
		};
		CE28E9AD2787369200DE71A4 /* Release */ = {
			isa = XCBuildConfiguration;
			baseConfigurationReference = 9A20A420E6E86764BC0FDC2E /* Pods-InstagramClone.release.xcconfig */;
			buildSettings = {
				ASSETCATALOG_COMPILER_APPICON_NAME = AppIcon;
				ASSETCATALOG_COMPILER_GLOBAL_ACCENT_COLOR_NAME = AccentColor;
				CODE_SIGN_STYLE = Automatic;
				CURRENT_PROJECT_VERSION = 1;
				DEVELOPMENT_TEAM = 9K86FQHDLU;
				GENERATE_INFOPLIST_FILE = YES;
				INFOPLIST_FILE = InstagramClone/Info.plist;
				INFOPLIST_KEY_UIApplicationSupportsIndirectInputEvents = YES;
				INFOPLIST_KEY_UILaunchStoryboardName = LaunchScreen;
				INFOPLIST_KEY_UIMainStoryboardFile = Main;
				INFOPLIST_KEY_UISupportedInterfaceOrientations_iPad = "UIInterfaceOrientationPortrait UIInterfaceOrientationPortraitUpsideDown UIInterfaceOrientationLandscapeLeft UIInterfaceOrientationLandscapeRight";
				INFOPLIST_KEY_UISupportedInterfaceOrientations_iPhone = "UIInterfaceOrientationPortrait UIInterfaceOrientationLandscapeLeft UIInterfaceOrientationLandscapeRight";
				LD_RUNPATH_SEARCH_PATHS = (
					"$(inherited)",
					"@executable_path/Frameworks",
				);
				MARKETING_VERSION = 1.0;
				PRODUCT_BUNDLE_IDENTIFIER = com.sejin.InstagramClone;
				PRODUCT_NAME = "$(TARGET_NAME)";
				SWIFT_EMIT_LOC_STRINGS = YES;
				SWIFT_VERSION = 5.0;
				TARGETED_DEVICE_FAMILY = "1,2";
			};
			name = Release;
		};
/* End XCBuildConfiguration section */

/* Begin XCConfigurationList section */
		CE28E9922787369000DE71A4 /* Build configuration list for PBXProject "InstagramClone" */ = {
			isa = XCConfigurationList;
			buildConfigurations = (
				CE28E9A92787369200DE71A4 /* Debug */,
				CE28E9AA2787369200DE71A4 /* Release */,
			);
			defaultConfigurationIsVisible = 0;
			defaultConfigurationName = Release;
		};
		CE28E9AB2787369200DE71A4 /* Build configuration list for PBXNativeTarget "InstagramClone" */ = {
			isa = XCConfigurationList;
			buildConfigurations = (
				CE28E9AC2787369200DE71A4 /* Debug */,
				CE28E9AD2787369200DE71A4 /* Release */,
			);
			defaultConfigurationIsVisible = 0;
			defaultConfigurationName = Release;
		};
/* End XCConfigurationList section */
	};
	rootObject = CE28E98F2787369000DE71A4 /* Project object */;
}
